
Microsoft Visual Studio Solution File, Format Version 12.00
Project("{FAE04EC0-301F-11D3-BF4B-00C04F79EFBC}") = "HelloWorld", "HelloWorld\HelloWorld.csproj", "{4C6CD189-A036-4012-87C3-FEA40A19C2E2}"
EndProject
Project("{FAE04EC0-301F-11D3-BF4B-00C04F79EFBC}") = "ClassesStructsAndRecords", "ClassesStructsAndRecords\ClassesStructsAndRecords.csproj", "{6CDE5548-1BB7-4BCB-94C5-4B046F4D34F2}"
EndProject
Global
	GlobalSection(SolutionConfigurationPlatforms) = preSolution
		Debug|Any CPU = Debug|Any CPU
		Release|Any CPU = Release|Any CPU
	EndGlobalSection
	GlobalSection(ProjectConfigurationPlatforms) = postSolution
		{4C6CD189-A036-4012-87C3-FEA40A19C2E2}.Debug|Any CPU.ActiveCfg = Debug|Any CPU
		{4C6CD189-A036-4012-87C3-FEA40A19C2E2}.Debug|Any CPU.Build.0 = Debug|Any CPU
		{4C6CD189-A036-4012-87C3-FEA40A19C2E2}.Release|Any CPU.ActiveCfg = Release|Any CPU
		{4C6CD189-A036-4012-87C3-FEA40A19C2E2}.Release|Any CPU.Build.0 = Release|Any CPU
		{6CDE5548-1BB7-4BCB-94C5-4B046F4D34F2}.Debug|Any CPU.ActiveCfg = Debug|Any CPU
		{6CDE5548-1BB7-4BCB-94C5-4B046F4D34F2}.Debug|Any CPU.Build.0 = Debug|Any CPU
		{6CDE5548-1BB7-4BCB-94C5-4B046F4D34F2}.Release|Any CPU.ActiveCfg = Release|Any CPU
		{6CDE5548-1BB7-4BCB-94C5-4B046F4D34F2}.Release|Any CPU.Build.0 = Release|Any CPU
	EndGlobalSection
EndGlobal
